
Microsoft Visual Studio Solution File, Format Version 12.00
# Visual Studio 2015
Project("{FAE04EC0-301F-11D3-BF4B-00C04F79EFBC}") = "HarrisonAlley.CSharp", "HarrisonAlley.CSharp.csproj", "{D24D6369-6377-C4D6-E7A9-AF817917ACBB}"
EndProject
Project("{FAE04EC0-301F-11D3-BF4B-00C04F79EFBC}") = "HarrisonAlley.CSharp.Editor", "HarrisonAlley.CSharp.Editor.csproj", "{21E34F93-BB9B-F26B-16E0-B8BF5FD04531}"
EndProject
Global
	GlobalSection(SolutionConfigurationPlatforms) = preSolution
		Debug|Any CPU = Debug|Any CPU
		Release|Any CPU = Release|Any CPU
	EndGlobalSection
	GlobalSection(ProjectConfigurationPlatforms) = postSolution
		{D24D6369-6377-C4D6-E7A9-AF817917ACBB}.Debug|Any CPU.ActiveCfg = Debug|Any CPU
		{D24D6369-6377-C4D6-E7A9-AF817917ACBB}.Debug|Any CPU.Build.0 = Debug|Any CPU
		{D24D6369-6377-C4D6-E7A9-AF817917ACBB}.Release|Any CPU.ActiveCfg = Release|Any CPU
		{D24D6369-6377-C4D6-E7A9-AF817917ACBB}.Release|Any CPU.Build.0 = Release|Any CPU
		{21E34F93-BB9B-F26B-16E0-B8BF5FD04531}.Debug|Any CPU.ActiveCfg = Debug|Any CPU
		{21E34F93-BB9B-F26B-16E0-B8BF5FD04531}.Debug|Any CPU.Build.0 = Debug|Any CPU
		{21E34F93-BB9B-F26B-16E0-B8BF5FD04531}.Release|Any CPU.ActiveCfg = Release|Any CPU
		{21E34F93-BB9B-F26B-16E0-B8BF5FD04531}.Release|Any CPU.Build.0 = Release|Any CPU
	EndGlobalSection
	GlobalSection(SolutionProperties) = preSolution
		HideSolutionNode = FALSE
	EndGlobalSection
EndGlobal
